
Microsoft Visual Studio Solution File, Format Version 12.00
# Visual Studio Version 17
VisualStudioVersion = 17.8.34330.188
MinimumVisualStudioVersion = 10.0.40219.1
Project("{9A19103F-16F7-4668-BE54-9A1E7A4F7556}") = "API_QLDiemSV", "API_QLDiemSV\API_QLDiemSV.csproj", "{9AA15FAD-4D0D-452C-97C9-0E86BDAE8801}"
EndProject
Project("{9A19103F-16F7-4668-BE54-9A1E7A4F7556}") = "API_SinhVien", "API_SinhVien\API_SinhVien.csproj", "{31B7FA91-BC32-4666-A9E5-8562FA3D37C1}"
EndProject
Project("{E53339B2-1760-4266-BCC7-CA923CBCF16C}") = "docker-compose", "docker-compose.dcproj", "{DE5BBFBA-3EB9-4CE8-BF9E-060D09B473B9}"
EndProject
Global
	GlobalSection(SolutionConfigurationPlatforms) = preSolution
		Debug|Any CPU = Debug|Any CPU
		Release|Any CPU = Release|Any CPU
	EndGlobalSection
	GlobalSection(ProjectConfigurationPlatforms) = postSolution
		{9AA15FAD-4D0D-452C-97C9-0E86BDAE8801}.Debug|Any CPU.ActiveCfg = Debug|Any CPU
		{9AA15FAD-4D0D-452C-97C9-0E86BDAE8801}.Debug|Any CPU.Build.0 = Debug|Any CPU
		{9AA15FAD-4D0D-452C-97C9-0E86BDAE8801}.Release|Any CPU.ActiveCfg = Release|Any CPU
		{9AA15FAD-4D0D-452C-97C9-0E86BDAE8801}.Release|Any CPU.Build.0 = Release|Any CPU
		{31B7FA91-BC32-4666-A9E5-8562FA3D37C1}.Debug|Any CPU.ActiveCfg = Debug|Any CPU
		{31B7FA91-BC32-4666-A9E5-8562FA3D37C1}.Debug|Any CPU.Build.0 = Debug|Any CPU
		{31B7FA91-BC32-4666-A9E5-8562FA3D37C1}.Release|Any CPU.ActiveCfg = Release|Any CPU
		{31B7FA91-BC32-4666-A9E5-8562FA3D37C1}.Release|Any CPU.Build.0 = Release|Any CPU
		{DE5BBFBA-3EB9-4CE8-BF9E-060D09B473B9}.Debug|Any CPU.ActiveCfg = Debug|Any CPU
		{DE5BBFBA-3EB9-4CE8-BF9E-060D09B473B9}.Debug|Any CPU.Build.0 = Debug|Any CPU
		{DE5BBFBA-3EB9-4CE8-BF9E-060D09B473B9}.Release|Any CPU.ActiveCfg = Release|Any CPU
		{DE5BBFBA-3EB9-4CE8-BF9E-060D09B473B9}.Release|Any CPU.Build.0 = Release|Any CPU
	EndGlobalSection
	GlobalSection(SolutionProperties) = preSolution
		HideSolutionNode = FALSE
	EndGlobalSection
	GlobalSection(ExtensibilityGlobals) = postSolution
		SolutionGuid = {1C7F5FC1-D114-4FE8-A262-DA8D8BF60327}
	EndGlobalSection
EndGlobal
